
Microsoft Visual Studio Solution File, Format Version 12.00
# Visual Studio 15
VisualStudioVersion = 15.0.28307.136
MinimumVisualStudioVersion = 10.0.40219.1
Project("{FAE04EC0-301F-11D3-BF4B-00C04F79EFBC}") = "PaygoDoc", "PaygoDoc\PaygoDoc.csproj", "{88428D9A-2E14-455D-BF45-D4207134CEF5}"
EndProject
Global
	GlobalSection(SolutionConfigurationPlatforms) = preSolution
		Debug|Any CPU = Debug|Any CPU
		Release|Any CPU = Release|Any CPU
	EndGlobalSection
	GlobalSection(ProjectConfigurationPlatforms) = postSolution
		{88428D9A-2E14-455D-BF45-D4207134CEF5}.Debug|Any CPU.ActiveCfg = Debug|Any CPU
		{88428D9A-2E14-455D-BF45-D4207134CEF5}.Debug|Any CPU.Build.0 = Debug|Any CPU
		{88428D9A-2E14-455D-BF45-D4207134CEF5}.Release|Any CPU.ActiveCfg = Release|Any CPU
		{88428D9A-2E14-455D-BF45-D4207134CEF5}.Release|Any CPU.Build.0 = Release|Any CPU
	EndGlobalSection
	GlobalSection(SolutionProperties) = preSolution
		HideSolutionNode = FALSE
	EndGlobalSection
	GlobalSection(ExtensibilityGlobals) = postSolution
		SolutionGuid = {AE427967-ED5E-4042-AFD2-B9B50E6500AC}
	EndGlobalSection
EndGlobal
